
Microsoft Visual Studio Solution File, Format Version 12.00
# Visual Studio Version 16
VisualStudioVersion = 16.0.30717.126
MinimumVisualStudioVersion = 10.0.40219.1
Project("{FAE04EC0-301F-11D3-BF4B-00C04F79EFBC}") = "WebProje", "WebProje\WebProje.csproj", "{70908BBA-35BD-4A69-B51F-FEE59D6ABA4C}"
EndProject
Global
	GlobalSection(SolutionConfigurationPlatforms) = preSolution
		Debug|Any CPU = Debug|Any CPU
		Release|Any CPU = Release|Any CPU
	EndGlobalSection
	GlobalSection(ProjectConfigurationPlatforms) = postSolution
		{70908BBA-35BD-4A69-B51F-FEE59D6ABA4C}.Debug|Any CPU.ActiveCfg = Debug|Any CPU
		{70908BBA-35BD-4A69-B51F-FEE59D6ABA4C}.Debug|Any CPU.Build.0 = Debug|Any CPU
		{70908BBA-35BD-4A69-B51F-FEE59D6ABA4C}.Release|Any CPU.ActiveCfg = Release|Any CPU
		{70908BBA-35BD-4A69-B51F-FEE59D6ABA4C}.Release|Any CPU.Build.0 = Release|Any CPU
	EndGlobalSection
	GlobalSection(SolutionProperties) = preSolution
		HideSolutionNode = FALSE
	EndGlobalSection
	GlobalSection(ExtensibilityGlobals) = postSolution
		SolutionGuid = {C4DC8FD9-DBBB-40E9-A0D2-B9C0E1A14914}
	EndGlobalSection
EndGlobal
